
Microsoft Visual Studio Solution File, Format Version 12.00
# Visual Studio Version 16
VisualStudioVersion = 16.0.28803.202
MinimumVisualStudioVersion = 10.0.40219.1
Project("{FAE04EC0-301F-11D3-BF4B-00C04F79EFBC}") = "BinarySearchTree", "BinarySearchTree\BinarySearchTree.csproj", "{AF20ECF7-D4CF-46B6-B18B-7E56F2BBE4A6}"
EndProject
Global
	GlobalSection(SolutionConfigurationPlatforms) = preSolution
		Debug|Any CPU = Debug|Any CPU
		Release|Any CPU = Release|Any CPU
	EndGlobalSection
	GlobalSection(ProjectConfigurationPlatforms) = postSolution
		{AF20ECF7-D4CF-46B6-B18B-7E56F2BBE4A6}.Debug|Any CPU.ActiveCfg = Debug|Any CPU
		{AF20ECF7-D4CF-46B6-B18B-7E56F2BBE4A6}.Debug|Any CPU.Build.0 = Debug|Any CPU
		{AF20ECF7-D4CF-46B6-B18B-7E56F2BBE4A6}.Release|Any CPU.ActiveCfg = Release|Any CPU
		{AF20ECF7-D4CF-46B6-B18B-7E56F2BBE4A6}.Release|Any CPU.Build.0 = Release|Any CPU
	EndGlobalSection
	GlobalSection(SolutionProperties) = preSolution
		HideSolutionNode = FALSE
	EndGlobalSection
	GlobalSection(ExtensibilityGlobals) = postSolution
		SolutionGuid = {4D25BE70-EA57-4E9E-98AE-053EFB0F1FFC}
	EndGlobalSection
EndGlobal
